
Microsoft Visual Studio Solution File, Format Version 12.00
# Visual Studio Version 16
VisualStudioVersion = 16.0.31410.357
MinimumVisualStudioVersion = 10.0.40219.1
Project("{FAE04EC0-301F-11D3-BF4B-00C04F79EFBC}") = "DecisionMaker.UWP", "DecisionMaker\DecisionMaker.UWP\DecisionMaker.UWP.csproj", "{2B872F8D-BBA7-4C9D-8AF5-E1EB047C8E9F}"
EndProject
Project("{FAE04EC0-301F-11D3-BF4B-00C04F79EFBC}") = "DecisionMaker.Android", "DecisionMaker\DecisionMaker.Android\DecisionMaker.Android.csproj", "{7C1E8C3F-0EFA-44A6-BD91-E04C313E50D7}"
EndProject
Project("{FAE04EC0-301F-11D3-BF4B-00C04F79EFBC}") = "DecisionMaker.iOS", "DecisionMaker\DecisionMaker.iOS\DecisionMaker.iOS.csproj", "{3FFEE8E2-10BC-4297-9A06-E7D19646F46A}"
EndProject
Project("{FAE04EC0-301F-11D3-BF4B-00C04F79EFBC}") = "DecisionMaker", "DecisionMaker\DecisionMaker\DecisionMaker.csproj", "{0F7E0F02-823F-4A06-B077-C318254A65C4}"
EndProject
Global
	GlobalSection(SolutionConfigurationPlatforms) = preSolution
		Debug|Any CPU = Debug|Any CPU
		Debug|ARM = Debug|ARM
		Debug|iPhone = Debug|iPhone
		Debug|iPhoneSimulator = Debug|iPhoneSimulator
		Debug|x64 = Debug|x64
		Debug|x86 = Debug|x86
		Release|Any CPU = Release|Any CPU
		Release|ARM = Release|ARM
		Release|iPhone = Release|iPhone
		Release|iPhoneSimulator = Release|iPhoneSimulator
		Release|x64 = Release|x64
		Release|x86 = Release|x86
	EndGlobalSection
	GlobalSection(ProjectConfigurationPlatforms) = postSolution
		{2B872F8D-BBA7-4C9D-8AF5-E1EB047C8E9F}.Debug|Any CPU.ActiveCfg = Debug|x86
		{2B872F8D-BBA7-4C9D-8AF5-E1EB047C8E9F}.Debug|Any CPU.Build.0 = Debug|x86
		{2B872F8D-BBA7-4C9D-8AF5-E1EB047C8E9F}.Debug|Any CPU.Deploy.0 = Debug|x86
		{2B872F8D-BBA7-4C9D-8AF5-E1EB047C8E9F}.Debug|ARM.ActiveCfg = Debug|ARM
		{2B872F8D-BBA7-4C9D-8AF5-E1EB047C8E9F}.Debug|ARM.Build.0 = Debug|ARM
		{2B872F8D-BBA7-4C9D-8AF5-E1EB047C8E9F}.Debug|ARM.Deploy.0 = Debug|ARM
		{2B872F8D-BBA7-4C9D-8AF5-E1EB047C8E9F}.Debug|iPhone.ActiveCfg = Debug|x86
		{2B872F8D-BBA7-4C9D-8AF5-E1EB047C8E9F}.Debug|iPhone.Build.0 = Debug|x86
		{2B872F8D-BBA7-4C9D-8AF5-E1EB047C8E9F}.Debug|iPhone.Deploy.0 = Debug|x86
		{2B872F8D-BBA7-4C9D-8AF5-E1EB047C8E9F}.Debug|iPhoneSimulator.ActiveCfg = Debug|x86
		{2B872F8D-BBA7-4C9D-8AF5-E1EB047C8E9F}.Debug|iPhoneSimulator.Build.0 = Debug|x86
		{2B872F8D-BBA7-4C9D-8AF5-E1EB047C8E9F}.Debug|iPhoneSimulator.Deploy.0 = Debug|x86
		{2B872F8D-BBA7-4C9D-8AF5-E1EB047C8E9F}.Debug|x64.ActiveCfg = Debug|x64
		{2B872F8D-BBA7-4C9D-8AF5-E1EB047C8E9F}.Debug|x64.Build.0 = Debug|x64
		{2B872F8D-BBA7-4C9D-8AF5-E1EB047C8E9F}.Debug|x64.Deploy.0 = Debug|x64
		{2B872F8D-BBA7-4C9D-8AF5-E1EB047C8E9F}.Debug|x86.ActiveCfg = Debug|x86
		{2B872F8D-BBA7-4C9D-8AF5-E1EB047C8E9F}.Debug|x86.Build.0 = Debug|x86
		{2B872F8D-BBA7-4C9D-8AF5-E1EB047C8E9F}.Debug|x86.Deploy.0 = Debug|x86
		{2B872F8D-BBA7-4C9D-8AF5-E1EB047C8E9F}.Release|Any CPU.ActiveCfg = Release|x86
		{2B872F8D-BBA7-4C9D-8AF5-E1EB047C8E9F}.Release|Any CPU.Build.0 = Release|x86
		{2B872F8D-BBA7-4C9D-8AF5-E1EB047C8E9F}.Release|Any CPU.Deploy.0 = Release|x86
		{2B872F8D-BBA7-4C9D-8AF5-E1EB047C8E9F}.Release|ARM.ActiveCfg = Release|ARM
		{2B872F8D-BBA7-4C9D-8AF5-E1EB047C8E9F}.Release|ARM.Build.0 = Release|ARM
		{2B872F8D-BBA7-4C9D-8AF5-E1EB047C8E9F}.Release|ARM.Deploy.0 = Release|ARM
		{2B872F8D-BBA7-4C9D-8AF5-E1EB047C8E9F}.Release|iPhone.ActiveCfg = Release|x86
		{2B872F8D-BBA7-4C9D-8AF5-E1EB047C8E9F}.Release|iPhone.Build.0 = Release|x86
		{2B872F8D-BBA7-4C9D-8AF5-E1EB047C8E9F}.Release|iPhone.Deploy.0 = Release|x86
		{2B872F8D-BBA7-4C9D-8AF5-E1EB047C8E9F}.Release|iPhoneSimulator.ActiveCfg = Release|x86
		{2B872F8D-BBA7-4C9D-8AF5-E1EB047C8E9F}.Release|iPhoneSimulator.Build.0 = Release|x86
		{2B872F8D-BBA7-4C9D-8AF5-E1EB047C8E9F}.Release|iPhoneSimulator.Deploy.0 = Release|x86
		{2B872F8D-BBA7-4C9D-8AF5-E1EB047C8E9F}.Release|x64.ActiveCfg = Release|x64
		{2B872F8D-BBA7-4C9D-8AF5-E1EB047C8E9F}.Release|x64.Build.0 = Release|x64
		{2B872F8D-BBA7-4C9D-8AF5-E1EB047C8E9F}.Release|x64.Deploy.0 = Release|x64
		{2B872F8D-BBA7-4C9D-8AF5-E1EB047C8E9F}.Release|x86.ActiveCfg = Release|x86
		{2B872F8D-BBA7-4C9D-8AF5-E1EB047C8E9F}.Release|x86.Build.0 = Release|x86
		{2B872F8D-BBA7-4C9D-8AF5-E1EB047C8E9F}.Release|x86.Deploy.0 = Release|x86
		{7C1E8C3F-0EFA-44A6-BD91-E04C313E50D7}.Debug|Any CPU.ActiveCfg = Debug|Any CPU
		{7C1E8C3F-0EFA-44A6-BD91-E04C313E50D7}.Debug|Any CPU.Build.0 = Debug|Any CPU
		{7C1E8C3F-0EFA-44A6-BD91-E04C313E50D7}.Debug|Any CPU.Deploy.0 = Debug|Any CPU
		{7C1E8C3F-0EFA-44A6-BD91-E04C313E50D7}.Debug|ARM.ActiveCfg = Debug|Any CPU
		{7C1E8C3F-0EFA-44A6-BD91-E04C313E50D7}.Debug|ARM.Build.0 = Debug|Any CPU
		{7C1E8C3F-0EFA-44A6-BD91-E04C313E50D7}.Debug|ARM.Deploy.0 = Debug|Any CPU
		{7C1E8C3F-0EFA-44A6-BD91-E04C313E50D7}.Debug|iPhone.ActiveCfg = Debug|Any CPU
		{7C1E8C3F-0EFA-44A6-BD91-E04C313E50D7}.Debug|iPhone.Build.0 = Debug|Any CPU
		{7C1E8C3F-0EFA-44A6-BD91-E04C313E50D7}.Debug|iPhone.Deploy.0 = Debug|Any CPU
		{7C1E8C3F-0EFA-44A6-BD91-E04C313E50D7}.Debug|iPhoneSimulator.ActiveCfg = Debug|Any CPU
		{7C1E8C3F-0EFA-44A6-BD91-E04C313E50D7}.Debug|iPhoneSimulator.Build.0 = Debug|Any CPU
		{7C1E8C3F-0EFA-44A6-BD91-E04C313E50D7}.Debug|iPhoneSimulator.Deploy.0 = Debug|Any CPU
		{7C1E8C3F-0EFA-44A6-BD91-E04C313E50D7}.Debug|x64.ActiveCfg = Debug|Any CPU
		{7C1E8C3F-0EFA-44A6-BD91-E04C313E50D7}.Debug|x64.Build.0 = Debug|Any CPU
		{7C1E8C3F-0EFA-44A6-BD91-E04C313E50D7}.Debug|x64.Deploy.0 = Debug|Any CPU
		{7C1E8C3F-0EFA-44A6-BD91-E04C313E50D7}.Debug|x86.ActiveCfg = Debug|Any CPU
		{7C1E8C3F-0EFA-44A6-BD91-E04C313E50D7}.Debug|x86.Build.0 = Debug|Any CPU
		{7C1E8C3F-0EFA-44A6-BD91-E04C313E50D7}.Debug|x86.Deploy.0 = Debug|Any CPU
		{7C1E8C3F-0EFA-44A6-BD91-E04C313E50D7}.Release|Any CPU.ActiveCfg = Release|Any CPU
		{7C1E8C3F-0EFA-44A6-BD91-E04C313E50D7}.Release|Any CPU.Build.0 = Release|Any CPU
		{7C1E8C3F-0EFA-44A6-BD91-E04C313E50D7}.Release|Any CPU.Deploy.0 = Release|Any CPU
		{7C1E8C3F-0EFA-44A6-BD91-E04C313E50D7}.Release|ARM.ActiveCfg = Release|Any CPU
		{7C1E8C3F-0EFA-44A6-BD91-E04C313E50D7}.Release|ARM.Build.0 = Release|Any CPU
		{7C1E8C3F-0EFA-44A6-BD91-E04C313E50D7}.Release|ARM.Deploy.0 = Release|Any CPU
		{7C1E8C3F-0EFA-44A6-BD91-E04C313E50D7}.Release|iPhone.ActiveCfg = Release|Any CPU
		{7C1E8C3F-0EFA-44A6-BD91-E04C313E50D7}.Release|iPhone.Build.0 = Release|Any CPU
		{7C1E8C3F-0EFA-44A6-BD91-E04C313E50D7}.Release|iPhone.Deploy.0 = Release|Any CPU
		{7C1E8C3F-0EFA-44A6-BD91-E04C313E50D7}.Release|iPhoneSimulator.ActiveCfg = Release|Any CPU
		{7C1E8C3F-0EFA-44A6-BD91-E04C313E50D7}.Release|iPhoneSimulator.Build.0 = Release|Any CPU
		{7C1E8C3F-0EFA-44A6-BD91-E04C313E50D7}.Release|iPhoneSimulator.Deploy.0 = Release|Any CPU
		{7C1E8C3F-0EFA-44A6-BD91-E04C313E50D7}.Release|x64.ActiveCfg = Release|Any CPU
		{7C1E8C3F-0EFA-44A6-BD91-E04C313E50D7}.Release|x64.Build.0 = Release|Any CPU
		{7C1E8C3F-0EFA-44A6-BD91-E04C313E50D7}.Release|x64.Deploy.0 = Release|Any CPU
		{7C1E8C3F-0EFA-44A6-BD91-E04C313E50D7}.Release|x86.ActiveCfg = Release|Any CPU
		{7C1E8C3F-0EFA-44A6-BD91-E04C313E50D7}.Release|x86.Build.0 = Release|Any CPU
		{7C1E8C3F-0EFA-44A6-BD91-E04C313E50D7}.Release|x86.Deploy.0 = Release|Any CPU
		{3FFEE8E2-10BC-4297-9A06-E7D19646F46A}.Debug|Any CPU.ActiveCfg = Debug|iPhoneSimulator
		{3FFEE8E2-10BC-4297-9A06-E7D19646F46A}.Debug|Any CPU.Build.0 = Debug|iPhoneSimulator
		{3FFEE8E2-10BC-4297-9A06-E7D19646F46A}.Debug|Any CPU.Deploy.0 = Debug|iPhoneSimulator
		{3FFEE8E2-10BC-4297-9A06-E7D19646F46A}.Debug|ARM.ActiveCfg = Debug|iPhone
		{3FFEE8E2-10BC-4297-9A06-E7D19646F46A}.Debug|ARM.Build.0 = Debug|iPhone
		{3FFEE8E2-10BC-4297-9A06-E7D19646F46A}.Debug|ARM.Deploy.0 = Debug|iPhone
		{3FFEE8E2-10BC-4297-9A06-E7D19646F46A}.Debug|iPhone.ActiveCfg = Debug|iPhone
		{3FFEE8E2-10BC-4297-9A06-E7D19646F46A}.Debug|iPhone.Build.0 = Debug|iPhone
		{3FFEE8E2-10BC-4297-9A06-E7D19646F46A}.Debug|iPhone.Deploy.0 = Debug|iPhone
		{3FFEE8E2-10BC-4297-9A06-E7D19646F46A}.Debug|iPhoneSimulator.ActiveCfg = Debug|iPhoneSimulator
		{3FFEE8E2-10BC-4297-9A06-E7D19646F46A}.Debug|iPhoneSimulator.Build.0 = Debug|iPhoneSimulator
		{3FFEE8E2-10BC-4297-9A06-E7D19646F46A}.Debug|iPhoneSimulator.Deploy.0 = Debug|iPhoneSimulator
		{3FFEE8E2-10BC-4297-9A06-E7D19646F46A}.Debug|x64.ActiveCfg = Debug|iPhoneSimulator
		{3FFEE8E2-10BC-4297-9A06-E7D19646F46A}.Debug|x64.Build.0 = Debug|iPhoneSimulator
		{3FFEE8E2-10BC-4297-9A06-E7D19646F46A}.Debug|x64.Deploy.0 = Debug|iPhoneSimulator
		{3FFEE8E2-10BC-4297-9A06-E7D19646F46A}.Debug|x86.ActiveCfg = Debug|iPhoneSimulator
		{3FFEE8E2-10BC-4297-9A06-E7D19646F46A}.Debug|x86.Build.0 = Debug|iPhoneSimulator
		{3FFEE8E2-10BC-4297-9A06-E7D19646F46A}.Debug|x86.Deploy.0 = Debug|iPhoneSimulator
		{3FFEE8E2-10BC-4297-9A06-E7D19646F46A}.Release|Any CPU.ActiveCfg = Release|iPhoneSimulator
		{3FFEE8E2-10BC-4297-9A06-E7D19646F46A}.Release|Any CPU.Build.0 = Release|iPhoneSimulator
		{3FFEE8E2-10BC-4297-9A06-E7D19646F46A}.Release|Any CPU.Deploy.0 = Release|iPhoneSimulator
		{3FFEE8E2-10BC-4297-9A06-E7D19646F46A}.Release|ARM.ActiveCfg = Release|iPhoneSimulator
		{3FFEE8E2-10BC-4297-9A06-E7D19646F46A}.Release|ARM.Build.0 = Release|iPhoneSimulator
		{3FFEE8E2-10BC-4297-9A06-E7D19646F46A}.Release|ARM.Deploy.0 = Release|iPhoneSimulator
		{3FFEE8E2-10BC-4297-9A06-E7D19646F46A}.Release|iPhone.ActiveCfg = Release|iPhone
		{3FFEE8E2-10BC-4297-9A06-E7D19646F46A}.Release|iPhone.Build.0 = Release|iPhone
		{3FFEE8E2-10BC-4297-9A06-E7D19646F46A}.Release|iPhone.Deploy.0 = Release|iPhone
		{3FFEE8E2-10BC-4297-9A06-E7D19646F46A}.Release|iPhoneSimulator.ActiveCfg = Release|iPhoneSimulator
		{3FFEE8E2-10BC-4297-9A06-E7D19646F46A}.Release|iPhoneSimulator.Build.0 = Release|iPhoneSimulator
		{3FFEE8E2-10BC-4297-9A06-E7D19646F46A}.Release|iPhoneSimulator.Deploy.0 = Release|iPhoneSimulator
		{3FFEE8E2-10BC-4297-9A06-E7D19646F46A}.Release|x64.ActiveCfg = Release|iPhoneSimulator
		{3FFEE8E2-10BC-4297-9A06-E7D19646F46A}.Release|x64.Build.0 = Release|iPhoneSimulator
		{3FFEE8E2-10BC-4297-9A06-E7D19646F46A}.Release|x64.Deploy.0 = Release|iPhoneSimulator
		{3FFEE8E2-10BC-4297-9A06-E7D19646F46A}.Release|x86.ActiveCfg = Release|iPhoneSimulator
		{3FFEE8E2-10BC-4297-9A06-E7D19646F46A}.Release|x86.Build.0 = Release|iPhoneSimulator
		{3FFEE8E2-10BC-4297-9A06-E7D19646F46A}.Release|x86.Deploy.0 = Release|iPhoneSimulator
		{0F7E0F02-823F-4A06-B077-C318254A65C4}.Debug|Any CPU.ActiveCfg = Debug|Any CPU
		{0F7E0F02-823F-4A06-B077-C318254A65C4}.Debug|Any CPU.Build.0 = Debug|Any CPU
		{0F7E0F02-823F-4A06-B077-C318254A65C4}.Debug|Any CPU.Deploy.0 = Debug|Any CPU
		{0F7E0F02-823F-4A06-B077-C318254A65C4}.Debug|ARM.ActiveCfg = Debug|Any CPU
		{0F7E0F02-823F-4A06-B077-C318254A65C4}.Debug|ARM.Build.0 = Debug|Any CPU
		{0F7E0F02-823F-4A06-B077-C318254A65C4}.Debug|ARM.Deploy.0 = Debug|Any CPU
		{0F7E0F02-823F-4A06-B077-C318254A65C4}.Debug|iPhone.ActiveCfg = Debug|Any CPU
		{0F7E0F02-823F-4A06-B077-C318254A65C4}.Debug|iPhone.Build.0 = Debug|Any CPU
		{0F7E0F02-823F-4A06-B077-C318254A65C4}.Debug|iPhone.Deploy.0 = Debug|Any CPU
		{0F7E0F02-823F-4A06-B077-C318254A65C4}.Debug|iPhoneSimulator.ActiveCfg = Debug|Any CPU
		{0F7E0F02-823F-4A06-B077-C318254A65C4}.Debug|iPhoneSimulator.Build.0 = Debug|Any CPU
		{0F7E0F02-823F-4A06-B077-C318254A65C4}.Debug|iPhoneSimulator.Deploy.0 = Debug|Any CPU
		{0F7E0F02-823F-4A06-B077-C318254A65C4}.Debug|x64.ActiveCfg = Debug|Any CPU
		{0F7E0F02-823F-4A06-B077-C318254A65C4}.Debug|x64.Build.0 = Debug|Any CPU
		{0F7E0F02-823F-4A06-B077-C318254A65C4}.Debug|x64.Deploy.0 = Debug|Any CPU
		{0F7E0F02-823F-4A06-B077-C318254A65C4}.Debug|x86.ActiveCfg = Debug|Any CPU
		{0F7E0F02-823F-4A06-B077-C318254A65C4}.Debug|x86.Build.0 = Debug|Any CPU
		{0F7E0F02-823F-4A06-B077-C318254A65C4}.Debug|x86.Deploy.0 = Debug|Any CPU
		{0F7E0F02-823F-4A06-B077-C318254A65C4}.Release|Any CPU.ActiveCfg = Release|Any CPU
		{0F7E0F02-823F-4A06-B077-C318254A65C4}.Release|Any CPU.Build.0 = Release|Any CPU
		{0F7E0F02-823F-4A06-B077-C318254A65C4}.Release|Any CPU.Deploy.0 = Release|Any CPU
		{0F7E0F02-823F-4A06-B077-C318254A65C4}.Release|ARM.ActiveCfg = Release|Any CPU
		{0F7E0F02-823F-4A06-B077-C318254A65C4}.Release|ARM.Build.0 = Release|Any CPU
		{0F7E0F02-823F-4A06-B077-C318254A65C4}.Release|ARM.Deploy.0 = Release|Any CPU
		{0F7E0F02-823F-4A06-B077-C318254A65C4}.Release|iPhone.ActiveCfg = Release|Any CPU
		{0F7E0F02-823F-4A06-B077-C318254A65C4}.Release|iPhone.Build.0 = Release|Any CPU
		{0F7E0F02-823F-4A06-B077-C318254A65C4}.Release|iPhone.Deploy.0 = Release|Any CPU
		{0F7E0F02-823F-4A06-B077-C318254A65C4}.Release|iPhoneSimulator.ActiveCfg = Release|Any CPU
		{0F7E0F02-823F-4A06-B077-C318254A65C4}.Release|iPhoneSimulator.Build.0 = Release|Any CPU
		{0F7E0F02-823F-4A06-B077-C318254A65C4}.Release|iPhoneSimulator.Deploy.0 = Release|Any CPU
		{0F7E0F02-823F-4A06-B077-C318254A65C4}.Release|x64.ActiveCfg = Release|Any CPU
		{0F7E0F02-823F-4A06-B077-C318254A65C4}.Release|x64.Build.0 = Release|Any CPU
		{0F7E0F02-823F-4A06-B077-C318254A65C4}.Release|x64.Deploy.0 = Release|Any CPU
		{0F7E0F02-823F-4A06-B077-C318254A65C4}.Release|x86.ActiveCfg = Release|Any CPU
		{0F7E0F02-823F-4A06-B077-C318254A65C4}.Release|x86.Build.0 = Release|Any CPU
		{0F7E0F02-823F-4A06-B077-C318254A65C4}.Release|x86.Deploy.0 = Release|Any CPU
	EndGlobalSection
	GlobalSection(SolutionProperties) = preSolution
		HideSolutionNode = FALSE
	EndGlobalSection
	GlobalSection(ExtensibilityGlobals) = postSolution
		SolutionGuid = {44AF7A28-F195-4342-A06C-056934686DEF}
	EndGlobalSection
EndGlobal
